
Microsoft Visual Studio Solution File, Format Version 12.00
# Visual Studio Version 16
VisualStudioVersion = 16.0.31025.194
MinimumVisualStudioVersion = 10.0.40219.1
Project("{2150E333-8FDC-42A3-9474-1A3956D46DE8}") = "Source", "Source", "{DC024F11-CEAB-4850-BD1C-F7342F15B353}"
EndProject
Project("{2150E333-8FDC-42A3-9474-1A3956D46DE8}") = "Domain", "Domain", "{90F53170-9E67-4465-A389-2F30AACFA422}"
EndProject
Project("{2150E333-8FDC-42A3-9474-1A3956D46DE8}") = "Application", "Application", "{27345750-5A5D-4CB8-A30C-D98075F64234}"
EndProject
Project("{2150E333-8FDC-42A3-9474-1A3956D46DE8}") = "Infrastructure", "Infrastructure", "{81D59150-C914-483B-9C17-5FE92C16F7AA}"
EndProject
Project("{2150E333-8FDC-42A3-9474-1A3956D46DE8}") = "Presentation", "Presentation", "{2507DE2A-7C22-4F45-AC15-6D839452C742}"
EndProject
Project("{FAE04EC0-301F-11D3-BF4B-00C04F79EFBC}") = "Domain", "Domain\Domain.csproj", "{D2F74D8B-6973-4484-A972-9D5250A561E6}"
EndProject
Project("{FAE04EC0-301F-11D3-BF4B-00C04F79EFBC}") = "Application", "Application\Application.csproj", "{33B216F8-A138-408C-8124-6AC6AD2DF17E}"
EndProject
Project("{FAE04EC0-301F-11D3-BF4B-00C04F79EFBC}") = "Infrastructure", "Infrastructure\Infrastructure.csproj", "{A6034109-557A-45EA-8F0A-F46821CDC0F4}"
EndProject
Project("{FAE04EC0-301F-11D3-BF4B-00C04F79EFBC}") = "ToDoList", "ToDoList\ToDoList.csproj", "{DCF7C7A8-0FDD-4661-B10E-9B352B2E5EE1}"
EndProject
Global
	GlobalSection(SolutionConfigurationPlatforms) = preSolution
		Debug|Any CPU = Debug|Any CPU
		Release|Any CPU = Release|Any CPU
	EndGlobalSection
	GlobalSection(ProjectConfigurationPlatforms) = postSolution
		{D2F74D8B-6973-4484-A972-9D5250A561E6}.Debug|Any CPU.ActiveCfg = Debug|Any CPU
		{D2F74D8B-6973-4484-A972-9D5250A561E6}.Debug|Any CPU.Build.0 = Debug|Any CPU
		{D2F74D8B-6973-4484-A972-9D5250A561E6}.Release|Any CPU.ActiveCfg = Release|Any CPU
		{D2F74D8B-6973-4484-A972-9D5250A561E6}.Release|Any CPU.Build.0 = Release|Any CPU
		{33B216F8-A138-408C-8124-6AC6AD2DF17E}.Debug|Any CPU.ActiveCfg = Debug|Any CPU
		{33B216F8-A138-408C-8124-6AC6AD2DF17E}.Debug|Any CPU.Build.0 = Debug|Any CPU
		{33B216F8-A138-408C-8124-6AC6AD2DF17E}.Release|Any CPU.ActiveCfg = Release|Any CPU
		{33B216F8-A138-408C-8124-6AC6AD2DF17E}.Release|Any CPU.Build.0 = Release|Any CPU
		{A6034109-557A-45EA-8F0A-F46821CDC0F4}.Debug|Any CPU.ActiveCfg = Debug|Any CPU
		{A6034109-557A-45EA-8F0A-F46821CDC0F4}.Debug|Any CPU.Build.0 = Debug|Any CPU
		{A6034109-557A-45EA-8F0A-F46821CDC0F4}.Release|Any CPU.ActiveCfg = Release|Any CPU
		{A6034109-557A-45EA-8F0A-F46821CDC0F4}.Release|Any CPU.Build.0 = Release|Any CPU
		{DCF7C7A8-0FDD-4661-B10E-9B352B2E5EE1}.Debug|Any CPU.ActiveCfg = Debug|Any CPU
		{DCF7C7A8-0FDD-4661-B10E-9B352B2E5EE1}.Debug|Any CPU.Build.0 = Debug|Any CPU
		{DCF7C7A8-0FDD-4661-B10E-9B352B2E5EE1}.Release|Any CPU.ActiveCfg = Release|Any CPU
		{DCF7C7A8-0FDD-4661-B10E-9B352B2E5EE1}.Release|Any CPU.Build.0 = Release|Any CPU
	EndGlobalSection
	GlobalSection(SolutionProperties) = preSolution
		HideSolutionNode = FALSE
	EndGlobalSection
	GlobalSection(NestedProjects) = preSolution
		{90F53170-9E67-4465-A389-2F30AACFA422} = {DC024F11-CEAB-4850-BD1C-F7342F15B353}
		{27345750-5A5D-4CB8-A30C-D98075F64234} = {DC024F11-CEAB-4850-BD1C-F7342F15B353}
		{81D59150-C914-483B-9C17-5FE92C16F7AA} = {DC024F11-CEAB-4850-BD1C-F7342F15B353}
		{2507DE2A-7C22-4F45-AC15-6D839452C742} = {DC024F11-CEAB-4850-BD1C-F7342F15B353}
		{D2F74D8B-6973-4484-A972-9D5250A561E6} = {90F53170-9E67-4465-A389-2F30AACFA422}
		{33B216F8-A138-408C-8124-6AC6AD2DF17E} = {27345750-5A5D-4CB8-A30C-D98075F64234}
		{A6034109-557A-45EA-8F0A-F46821CDC0F4} = {81D59150-C914-483B-9C17-5FE92C16F7AA}
		{DCF7C7A8-0FDD-4661-B10E-9B352B2E5EE1} = {2507DE2A-7C22-4F45-AC15-6D839452C742}
	EndGlobalSection
	GlobalSection(ExtensibilityGlobals) = postSolution
		SolutionGuid = {697FA6C4-A55A-4C44-A797-2B9D38A3AA09}
	EndGlobalSection
EndGlobal
